
Microsoft Visual Studio Solution File, Format Version 12.00
# Visual Studio Version 17
VisualStudioVersion = 17.14.36623.8 d17.14
MinimumVisualStudioVersion = 10.0.40219.1
Project("{FAE04EC0-301F-11D3-BF4B-00C04F79EFBC}") = "BT08", "BT08.csproj", "{4E5304B2-DD3D-4DE9-AB6B-54AE9713ED95}"
EndProject
Global
	GlobalSection(SolutionConfigurationPlatforms) = preSolution
		Debug|Any CPU = Debug|Any CPU
		Release|Any CPU = Release|Any CPU
	EndGlobalSection
	GlobalSection(ProjectConfigurationPlatforms) = postSolution
		{4E5304B2-DD3D-4DE9-AB6B-54AE9713ED95}.Debug|Any CPU.ActiveCfg = Debug|Any CPU
		{4E5304B2-DD3D-4DE9-AB6B-54AE9713ED95}.Debug|Any CPU.Build.0 = Debug|Any CPU
		{4E5304B2-DD3D-4DE9-AB6B-54AE9713ED95}.Release|Any CPU.ActiveCfg = Release|Any CPU
		{4E5304B2-DD3D-4DE9-AB6B-54AE9713ED95}.Release|Any CPU.Build.0 = Release|Any CPU
	EndGlobalSection
	GlobalSection(SolutionProperties) = preSolution
		HideSolutionNode = FALSE
	EndGlobalSection
	GlobalSection(ExtensibilityGlobals) = postSolution
		SolutionGuid = {F8162C4D-69B1-4404-B9A2-63960BEBFFC7}
	EndGlobalSection
EndGlobal
