
Microsoft Visual Studio Solution File, Format Version 12.00
# Visual Studio Version 17
VisualStudioVersion = 17.14.36623.8 d17.14
MinimumVisualStudioVersion = 10.0.40219.1
Project("{FAE04EC0-301F-11D3-BF4B-00C04F79EFBC}") = "BT06", "BT06.csproj", "{8F24EEEF-EE85-4250-88BB-AFDD5FD3AD8E}"
EndProject
Global
	GlobalSection(SolutionConfigurationPlatforms) = preSolution
		Debug|Any CPU = Debug|Any CPU
		Release|Any CPU = Release|Any CPU
	EndGlobalSection
	GlobalSection(ProjectConfigurationPlatforms) = postSolution
		{8F24EEEF-EE85-4250-88BB-AFDD5FD3AD8E}.Debug|Any CPU.ActiveCfg = Debug|Any CPU
		{8F24EEEF-EE85-4250-88BB-AFDD5FD3AD8E}.Debug|Any CPU.Build.0 = Debug|Any CPU
		{8F24EEEF-EE85-4250-88BB-AFDD5FD3AD8E}.Release|Any CPU.ActiveCfg = Release|Any CPU
		{8F24EEEF-EE85-4250-88BB-AFDD5FD3AD8E}.Release|Any CPU.Build.0 = Release|Any CPU
	EndGlobalSection
	GlobalSection(SolutionProperties) = preSolution
		HideSolutionNode = FALSE
	EndGlobalSection
	GlobalSection(ExtensibilityGlobals) = postSolution
		SolutionGuid = {9621B8C9-F81B-4D68-A4D1-061841EA6880}
	EndGlobalSection
EndGlobal
