
Microsoft Visual Studio Solution File, Format Version 12.00
# Visual Studio Version 17
VisualStudioVersion = 17.14.36429.23 d17.14
MinimumVisualStudioVersion = 10.0.40219.1
Project("{FAE04EC0-301F-11D3-BF4B-00C04F79EFBC}") = "BT02", "BT02.csproj", "{5370C7C0-1D55-4F23-97B2-659A5493AFB3}"
EndProject
Global
	GlobalSection(SolutionConfigurationPlatforms) = preSolution
		Debug|Any CPU = Debug|Any CPU
		Release|Any CPU = Release|Any CPU
	EndGlobalSection
	GlobalSection(ProjectConfigurationPlatforms) = postSolution
		{5370C7C0-1D55-4F23-97B2-659A5493AFB3}.Debug|Any CPU.ActiveCfg = Debug|Any CPU
		{5370C7C0-1D55-4F23-97B2-659A5493AFB3}.Debug|Any CPU.Build.0 = Debug|Any CPU
		{5370C7C0-1D55-4F23-97B2-659A5493AFB3}.Release|Any CPU.ActiveCfg = Release|Any CPU
		{5370C7C0-1D55-4F23-97B2-659A5493AFB3}.Release|Any CPU.Build.0 = Release|Any CPU
	EndGlobalSection
	GlobalSection(SolutionProperties) = preSolution
		HideSolutionNode = FALSE
	EndGlobalSection
	GlobalSection(ExtensibilityGlobals) = postSolution
		SolutionGuid = {489914DC-6FAF-4946-9196-6E20495B5ED0}
	EndGlobalSection
EndGlobal
