
Microsoft Visual Studio Solution File, Format Version 12.00
# Visual Studio Version 17
VisualStudioVersion = 17.14.36623.8 d17.14
MinimumVisualStudioVersion = 10.0.40219.1
Project("{FAE04EC0-301F-11D3-BF4B-00C04F79EFBC}") = "BT10", "BT10.csproj", "{53D7E1C3-9AC5-42BE-BBD3-83EEAD211389}"
EndProject
Global
	GlobalSection(SolutionConfigurationPlatforms) = preSolution
		Debug|Any CPU = Debug|Any CPU
		Release|Any CPU = Release|Any CPU
	EndGlobalSection
	GlobalSection(ProjectConfigurationPlatforms) = postSolution
		{53D7E1C3-9AC5-42BE-BBD3-83EEAD211389}.Debug|Any CPU.ActiveCfg = Debug|Any CPU
		{53D7E1C3-9AC5-42BE-BBD3-83EEAD211389}.Debug|Any CPU.Build.0 = Debug|Any CPU
		{53D7E1C3-9AC5-42BE-BBD3-83EEAD211389}.Release|Any CPU.ActiveCfg = Release|Any CPU
		{53D7E1C3-9AC5-42BE-BBD3-83EEAD211389}.Release|Any CPU.Build.0 = Release|Any CPU
	EndGlobalSection
	GlobalSection(SolutionProperties) = preSolution
		HideSolutionNode = FALSE
	EndGlobalSection
	GlobalSection(ExtensibilityGlobals) = postSolution
		SolutionGuid = {D6C3674B-ADBE-40A3-8011-F2ABA35855B9}
	EndGlobalSection
EndGlobal
