
Microsoft Visual Studio Solution File, Format Version 12.00
# Visual Studio Version 17
VisualStudioVersion = 17.14.36429.23 d17.14
MinimumVisualStudioVersion = 10.0.40219.1
Project("{FAE04EC0-301F-11D3-BF4B-00C04F79EFBC}") = "BT03", "BT03.csproj", "{3B69E323-F1A5-43CC-91FA-CF2612916392}"
EndProject
Global
	GlobalSection(SolutionConfigurationPlatforms) = preSolution
		Debug|Any CPU = Debug|Any CPU
		Release|Any CPU = Release|Any CPU
	EndGlobalSection
	GlobalSection(ProjectConfigurationPlatforms) = postSolution
		{3B69E323-F1A5-43CC-91FA-CF2612916392}.Debug|Any CPU.ActiveCfg = Debug|Any CPU
		{3B69E323-F1A5-43CC-91FA-CF2612916392}.Debug|Any CPU.Build.0 = Debug|Any CPU
		{3B69E323-F1A5-43CC-91FA-CF2612916392}.Release|Any CPU.ActiveCfg = Release|Any CPU
		{3B69E323-F1A5-43CC-91FA-CF2612916392}.Release|Any CPU.Build.0 = Release|Any CPU
	EndGlobalSection
	GlobalSection(SolutionProperties) = preSolution
		HideSolutionNode = FALSE
	EndGlobalSection
	GlobalSection(ExtensibilityGlobals) = postSolution
		SolutionGuid = {313057C0-1C91-4723-B10C-36D1AE7E9694}
	EndGlobalSection
EndGlobal
