
Microsoft Visual Studio Solution File, Format Version 12.00
# Visual Studio Version 17
VisualStudioVersion = 17.14.36623.8 d17.14
MinimumVisualStudioVersion = 10.0.40219.1
Project("{FAE04EC0-301F-11D3-BF4B-00C04F79EFBC}") = "BT07", "BT07.csproj", "{4011EB23-4A99-482E-B1CB-F8F4CA596A59}"
EndProject
Global
	GlobalSection(SolutionConfigurationPlatforms) = preSolution
		Debug|Any CPU = Debug|Any CPU
		Release|Any CPU = Release|Any CPU
	EndGlobalSection
	GlobalSection(ProjectConfigurationPlatforms) = postSolution
		{4011EB23-4A99-482E-B1CB-F8F4CA596A59}.Debug|Any CPU.ActiveCfg = Debug|Any CPU
		{4011EB23-4A99-482E-B1CB-F8F4CA596A59}.Debug|Any CPU.Build.0 = Debug|Any CPU
		{4011EB23-4A99-482E-B1CB-F8F4CA596A59}.Release|Any CPU.ActiveCfg = Release|Any CPU
		{4011EB23-4A99-482E-B1CB-F8F4CA596A59}.Release|Any CPU.Build.0 = Release|Any CPU
	EndGlobalSection
	GlobalSection(SolutionProperties) = preSolution
		HideSolutionNode = FALSE
	EndGlobalSection
	GlobalSection(ExtensibilityGlobals) = postSolution
		SolutionGuid = {45864589-F37C-44BE-A256-5DBDD6E7C972}
	EndGlobalSection
EndGlobal
